<?xml version="1.0" encoding="utf-8"?>
<Project ToolsVersion="4.0" xmlns="http://schemas.microsoft.com/developer/msbuild/2003">
  <ItemGroup>
    <ClCompile Include="main.cpp" />
    <ClCompile Include="test1_seq.cpp" />
    <ClCompile Include="test2_par.cpp" />
    <ClCompile Include="test3_compioworkers.cpp" />
    <ClCompile Include="test4_dstorage.cpp" />
  </ItemGroup>
  <ItemGroup>
    <ClInclude Include="wininclude.h" />
    <ClInclude Include="common.h" />
    <ClInclude Include="tests.h" />
  </ItemGroup>
  <ItemGroup>
    <None Include="packages.config" />
  </ItemGroup>
</Project>